
Microsoft Visual Studio Solution File, Format Version 12.00
# Visual Studio 15
VisualStudioVersion = 15.0.27703.2000
MinimumVisualStudioVersion = 10.0.40219.1
Project("{FAE04EC0-301F-11D3-BF4B-00C04F79EFBC}") = "AstralProject", "AstralProject\AstralProject.csproj", "{1279E655-D099-4D68-8E0F-335490ED5414}"
EndProject
Global
	GlobalSection(SolutionConfigurationPlatforms) = preSolution
		Debug|Any CPU = Debug|Any CPU
		Release|Any CPU = Release|Any CPU
	EndGlobalSection
	GlobalSection(ProjectConfigurationPlatforms) = postSolution
		{1279E655-D099-4D68-8E0F-335490ED5414}.Debug|Any CPU.ActiveCfg = Debug|Any CPU
		{1279E655-D099-4D68-8E0F-335490ED5414}.Debug|Any CPU.Build.0 = Debug|Any CPU
		{1279E655-D099-4D68-8E0F-335490ED5414}.Release|Any CPU.ActiveCfg = Release|Any CPU
		{1279E655-D099-4D68-8E0F-335490ED5414}.Release|Any CPU.Build.0 = Release|Any CPU
	EndGlobalSection
	GlobalSection(SolutionProperties) = preSolution
		HideSolutionNode = FALSE
	EndGlobalSection
	GlobalSection(ExtensibilityGlobals) = postSolution
		SolutionGuid = {0B941F67-6D15-4905-8437-4C8E066948A0}
	EndGlobalSection
EndGlobal
